
Microsoft Visual Studio Solution File, Format Version 12.00
# Visual Studio 15
VisualStudioVersion = 15.0.28010.2036
MinimumVisualStudioVersion = 10.0.40219.1
Project("{FAE04EC0-301F-11D3-BF4B-00C04F79EFBC}") = "FileSystemLib", "FileSystemLib\FileSystemLib.csproj", "{9802ED03-8E65-4A19-A529-B06EF5496B17}"
EndProject
Project("{FAE04EC0-301F-11D3-BF4B-00C04F79EFBC}") = "ConsoleApp", "ConsoleApp\ConsoleApp.csproj", "{032C9381-B20A-4CDD-BD25-1998A6CEE415}"
EndProject
Project("{FAE04EC0-301F-11D3-BF4B-00C04F79EFBC}") = "FileSystemTests", "FileSystemTests\FileSystemTests.csproj", "{3AE98A8A-FFB3-4D17-BDD8-2DD327945641}"
EndProject
Global
	GlobalSection(SolutionConfigurationPlatforms) = preSolution
		Debug|Any CPU = Debug|Any CPU
		Release|Any CPU = Release|Any CPU
	EndGlobalSection
	GlobalSection(ProjectConfigurationPlatforms) = postSolution
		{9802ED03-8E65-4A19-A529-B06EF5496B17}.Debug|Any CPU.ActiveCfg = Debug|Any CPU
		{9802ED03-8E65-4A19-A529-B06EF5496B17}.Debug|Any CPU.Build.0 = Debug|Any CPU
		{9802ED03-8E65-4A19-A529-B06EF5496B17}.Release|Any CPU.ActiveCfg = Release|Any CPU
		{9802ED03-8E65-4A19-A529-B06EF5496B17}.Release|Any CPU.Build.0 = Release|Any CPU
		{032C9381-B20A-4CDD-BD25-1998A6CEE415}.Debug|Any CPU.ActiveCfg = Debug|Any CPU
		{032C9381-B20A-4CDD-BD25-1998A6CEE415}.Debug|Any CPU.Build.0 = Debug|Any CPU
		{032C9381-B20A-4CDD-BD25-1998A6CEE415}.Release|Any CPU.ActiveCfg = Release|Any CPU
		{032C9381-B20A-4CDD-BD25-1998A6CEE415}.Release|Any CPU.Build.0 = Release|Any CPU
		{3AE98A8A-FFB3-4D17-BDD8-2DD327945641}.Debug|Any CPU.ActiveCfg = Debug|Any CPU
		{3AE98A8A-FFB3-4D17-BDD8-2DD327945641}.Debug|Any CPU.Build.0 = Debug|Any CPU
		{3AE98A8A-FFB3-4D17-BDD8-2DD327945641}.Release|Any CPU.ActiveCfg = Release|Any CPU
		{3AE98A8A-FFB3-4D17-BDD8-2DD327945641}.Release|Any CPU.Build.0 = Release|Any CPU
	EndGlobalSection
	GlobalSection(SolutionProperties) = preSolution
		HideSolutionNode = FALSE
	EndGlobalSection
	GlobalSection(ExtensibilityGlobals) = postSolution
		SolutionGuid = {5D38F45A-31C8-410F-8CB8-DF0E4DC1A4C3}
	EndGlobalSection
EndGlobal
